
Microsoft Visual Studio Solution File, Format Version 12.00
# Visual Studio Version 17
VisualStudioVersion = 17.9.34714.143
MinimumVisualStudioVersion = 10.0.40219.1
Project("{FAE04EC0-301F-11D3-BF4B-00C04F79EFBC}") = "ASM_1670_Final", "ASM_1670_Final.csproj", "{275A0C81-7DFE-4473-84F7-A852149F398C}"
EndProject
Global
	GlobalSection(SolutionConfigurationPlatforms) = preSolution
		Debug|Any CPU = Debug|Any CPU
		Release|Any CPU = Release|Any CPU
	EndGlobalSection
	GlobalSection(ProjectConfigurationPlatforms) = postSolution
		{275A0C81-7DFE-4473-84F7-A852149F398C}.Debug|Any CPU.ActiveCfg = Debug|Any CPU
		{275A0C81-7DFE-4473-84F7-A852149F398C}.Debug|Any CPU.Build.0 = Debug|Any CPU
		{275A0C81-7DFE-4473-84F7-A852149F398C}.Release|Any CPU.ActiveCfg = Release|Any CPU
		{275A0C81-7DFE-4473-84F7-A852149F398C}.Release|Any CPU.Build.0 = Release|Any CPU
	EndGlobalSection
	GlobalSection(SolutionProperties) = preSolution
		HideSolutionNode = FALSE
	EndGlobalSection
	GlobalSection(ExtensibilityGlobals) = postSolution
		SolutionGuid = {564D0963-350F-43E6-BC28-948F20DABD63}
	EndGlobalSection
EndGlobal
